// !$*UTF8*$!
{
	archiveVersion = 1;
	classes = {
	};
	objectVersion = 77;
	objects = {

/* Begin PBXContainerItemProxy section */
		ADC669C12F1A71A1000C5D28 /* PBXContainerItemProxy */ = {
			isa = PBXContainerItemProxy;
			containerPortal = ADC669AB2F1A71A0000C5D28 /* Project object */;
			proxyType = 1;
			remoteGlobalIDString = ADC669B22F1A71A0000C5D28;
			remoteInfo = SecondBrain;
		};
		ADC669CB2F1A71A1000C5D28 /* PBXContainerItemProxy */ = {
			isa = PBXContainerItemProxy;
			containerPortal = ADC669AB2F1A71A0000C5D28 /* Project object */;
			proxyType = 1;
			remoteGlobalIDString = ADC669B22F1A71A0000C5D28;
			remoteInfo = SecondBrain;
		};
/* End PBXContainerItemProxy section */

/* Begin PBXFileReference section */
		ADC669B32F1A71A0000C5D28 /* SecondBrain.app */ = {isa = PBXFileReference; explicitFileType = wrapper.application; includeInIndex = 0; path = SecondBrain.app; sourceTree = BUILT_PRODUCTS_DIR; };
		ADC669C02F1A71A1000C5D28 /* SecondBrainTests.xctest */ = {isa = PBXFileReference; explicitFileType = wrapper.cfbundle; includeInIndex = 0; path = SecondBrainTests.xctest; sourceTree = BUILT_PRODUCTS_DIR; };
		ADC669CA2F1A71A1000C5D28 /* SecondBrainUITests.xctest */ = {isa = PBXFileReference; explicitFileType = wrapper.cfbundle; includeInIndex = 0; path = SecondBrainUITests.xctest; sourceTree = BUILT_PRODUCTS_DIR; };
/* End PBXFileReference section */

/* Begin PBXFileSystemSynchronizedRootGroup section */
		ADC669B52F1A71A0000C5D28 /* SecondBrain */ = {
			isa = PBXFileSystemSynchronizedRootGroup;
			path = SecondBrain;
			sourceTree = "<group>";
		};
		ADC669C32F1A71A1000C5D28 /* SecondBrainTests */ = {
			isa = PBXFileSystemSynchronizedRootGroup;
			path = SecondBrainTests;
			sourceTree = "<group>";
		};
		ADC669CD2F1A71A1000C5D28 /* SecondBrainUITests */ = {
			isa = PBXFileSystemSynchronizedRootGroup;
			path = SecondBrainUITests;
			sourceTree = "<group>";
		};
/* End PBXFileSystemSynchronizedRootGroup section */

/* Begin PBXFrameworksBuildPhase section */
		ADC669B02F1A71A0000C5D28 /* Frameworks */ = {
			isa = PBXFrameworksBuildPhase;
			buildActionMask = 2147483647;
			files = (
			);
			runOnlyForDeploymentPostprocessing = 0;
		};
		ADC669BD2F1A71A1000C5D28 /* Frameworks */ = {
			isa = PBXFrameworksBuildPhase;
			buildActionMask = 2147483647;
			files = (
			);
			runOnlyForDeploymentPostprocessing = 0;
		};
		ADC669C72F1A71A1000C5D28 /* Frameworks */ = {
			isa = PBXFrameworksBuildPhase;
			buildActionMask = 2147483647;
			files = (
			);
			runOnlyForDeploymentPostprocessing = 0;
		};
/* End PBXFrameworksBuildPhase section */

/* Begin PBXGroup section */
		ADC669AA2F1A71A0000C5D28 = {
			isa = PBXGroup;
			children = (
				ADC669B52F1A71A0000C5D28 /* SecondBrain */,
				ADC669C32F1A71A1000C5D28 /* SecondBrainTests */,
				ADC669CD2F1A71A1000C5D28 /* SecondBrainUITests */,
				ADC669B42F1A71A0000C5D28 /* Products */,
			);
			sourceTree = "<group>";
		};
		ADC669B42F1A71A0000C5D28 /* Products */ = {
			isa = PBXGroup;
			children = (
				ADC669B32F1A71A0000C5D28 /* SecondBrain.app */,
				ADC669C02F1A71A1000C5D28 /* SecondBrainTests.xctest */,
				ADC669CA2F1A71A1000C5D28 /* SecondBrainUITests.xctest */,
			);
			name = Products;
			sourceTree = "<group>";
		};
/* End PBXGroup section */

/* Begin PBXNativeTarget section */
		ADC669B22F1A71A0000C5D28 /* SecondBrain */ = {
			isa = PBXNativeTarget;
			buildConfigurationList = ADC669D42F1A71A1000C5D28 /* Build configuration list for PBXNativeTarget "SecondBrain" */;
			buildPhases = (
				ADC669AF2F1A71A0000C5D28 /* Sources */,
				ADC669B02F1A71A0000C5D28 /* Frameworks */,
				ADC669B12F1A71A0000C5D28 /* Resources */,
			);
			buildRules = (
			);
			dependencies = (
			);
			fileSystemSynchronizedGroups = (
				ADC669B52F1A71A0000C5D28 /* SecondBrain */,
			);
			name = SecondBrain;
			packageProductDependencies = (
			);
			productName = SecondBrain;
			productReference = ADC669B32F1A71A0000C5D28 /* SecondBrain.app */;
			productType = "com.apple.product-type.application";
		};
		ADC669BF2F1A71A1000C5D28 /* SecondBrainTests */ = {
			isa = PBXNativeTarget;
			buildConfigurationList = ADC669D72F1A71A1000C5D28 /* Build configuration list for PBXNativeTarget "SecondBrainTests" */;
			buildPhases = (
				ADC669BC2F1A71A1000C5D28 /* Sources */,
				ADC669BD2F1A71A1000C5D28 /* Frameworks */,
				ADC669BE2F1A71A1000C5D28 /* Resources */,
			);
			buildRules = (
			);
			dependencies = (
				ADC669C22F1A71A1000C5D28 /* PBXTargetDependency */,
			);
			fileSystemSynchronizedGroups = (
				ADC669C32F1A71A1000C5D28 /* SecondBrainTests */,
			);
			name = SecondBrainTests;
			packageProductDependencies = (
			);
			productName = SecondBrainTests;
			productReference = ADC669C02F1A71A1000C5D28 /* SecondBrainTests.xctest */;
			productType = "com.apple.product-type.bundle.unit-test";
		};
		ADC669C92F1A71A1000C5D28 /* SecondBrainUITests */ = {
			isa = PBXNativeTarget;
			buildConfigurationList = ADC669DA2F1A71A1000C5D28 /* Build configuration list for PBXNativeTarget "SecondBrainUITests" */;
			buildPhases = (
				ADC669C62F1A71A1000C5D28 /* Sources */,
				ADC669C72F1A71A1000C5D28 /* Frameworks */,
				ADC669C82F1A71A1000C5D28 /* Resources */,
			);
			buildRules = (
			);
			dependencies = (
				ADC669CC2F1A71A1000C5D28 /* PBXTargetDependency */,
			);
			fileSystemSynchronizedGroups = (
				ADC669CD2F1A71A1000C5D28 /* SecondBrainUITests */,
			);
			name = SecondBrainUITests;
			packageProductDependencies = (
			);
			productName = SecondBrainUITests;
			productReference = ADC669CA2F1A71A1000C5D28 /* SecondBrainUITests.xctest */;
			productType = "com.apple.product-type.bundle.ui-testing";
		};
/* End PBXNativeTarget section */

/* Begin PBXProject section */
		ADC669AB2F1A71A0000C5D28 /* Project object */ = {
			isa = PBXProject;
			attributes = {
				BuildIndependentTargetsInParallel = 1;
				LastSwiftUpdateCheck = 2620;
				LastUpgradeCheck = 2620;
				TargetAttributes = {
					ADC669B22F1A71A0000C5D28 = {
						CreatedOnToolsVersion = 26.2;
					};
					ADC669BF2F1A71A1000C5D28 = {
						CreatedOnToolsVersion = 26.2;
						TestTargetID = ADC669B22F1A71A0000C5D28;
					};
					ADC669C92F1A71A1000C5D28 = {
						CreatedOnToolsVersion = 26.2;
						TestTargetID = ADC669B22F1A71A0000C5D28;
					};
				};
			};
			buildConfigurationList = ADC669AE2F1A71A0000C5D28 /* Build configuration list for PBXProject "SecondBrain" */;
			developmentRegion = en;
			hasScannedForEncodings = 0;
			knownRegions = (
				en,
				Base,
			);
			mainGroup = ADC669AA2F1A71A0000C5D28;
			minimizedProjectReferenceProxies = 1;
			preferredProjectObjectVersion = 77;
			productRefGroup = ADC669B42F1A71A0000C5D28 /* Products */;
			projectDirPath = "";
			projectRoot = "";
			targets = (
				ADC669B22F1A71A0000C5D28 /* SecondBrain */,
				ADC669BF2F1A71A1000C5D28 /* SecondBrainTests */,
				ADC669C92F1A71A1000C5D28 /* SecondBrainUITests */,
			);
		};
/* End PBXProject section */

/* Begin PBXResourcesBuildPhase section */
		ADC669B12F1A71A0000C5D28 /* Resources */ = {
			isa = PBXResourcesBuildPhase;
			buildActionMask = 2147483647;
			files = (
			);
			runOnlyForDeploymentPostprocessing = 0;
		};
		ADC669BE2F1A71A1000C5D28 /* Resources */ = {
			isa = PBXResourcesBuildPhase;
			buildActionMask = 2147483647;
			files = (
			);
			runOnlyForDeploymentPostprocessing = 0;
		};
		ADC669C82F1A71A1000C5D28 /* Resources */ = {
			isa = PBXResourcesBuildPhase;
			buildActionMask = 2147483647;
			files = (
			);
			runOnlyForDeploymentPostprocessing = 0;
		};
/* End PBXResourcesBuildPhase section */

/* Begin PBXSourcesBuildPhase section */
		ADC669AF2F1A71A0000C5D28 /* Sources */ = {
			isa = PBXSourcesBuildPhase;
			buildActionMask = 2147483647;
			files = (
			);
			runOnlyForDeploymentPostprocessing = 0;
		};
		ADC669BC2F1A71A1000C5D28 /* Sources */ = {
			isa = PBXSourcesBuildPhase;
			buildActionMask = 2147483647;
			files = (
			);
			runOnlyForDeploymentPostprocessing = 0;
		};
		ADC669C62F1A71A1000C5D28 /* Sources */ = {
			isa = PBXSourcesBuildPhase;
			buildActionMask = 2147483647;
			files = (
			);
			runOnlyForDeploymentPostprocessing = 0;
		};
/* End PBXSourcesBuildPhase section */

/* Begin PBXTargetDependency section */
		ADC669C22F1A71A1000C5D28 /* PBXTargetDependency */ = {
			isa = PBXTargetDependency;
			target = ADC669B22F1A71A0000C5D28 /* SecondBrain */;
			targetProxy = ADC669C12F1A71A1000C5D28 /* PBXContainerItemProxy */;
		};
		ADC669CC2F1A71A1000C5D28 /* PBXTargetDependency */ = {
			isa = PBXTargetDependency;
			target = ADC669B22F1A71A0000C5D28 /* SecondBrain */;
			targetProxy = ADC669CB2F1A71A1000C5D28 /* PBXContainerItemProxy */;
		};
/* End PBXTargetDependency section */

/* Begin XCBuildConfiguration section */
		ADC669D22F1A71A1000C5D28 /* Debug */ = {
			isa = XCBuildConfiguration;
			buildSettings = {
				ALWAYS_SEARCH_USER_PATHS = NO;
				ASSETCATALOG_COMPILER_GENERATE_SWIFT_ASSET_SYMBOL_EXTENSIONS = YES;
				CLANG_ANALYZER_NONNULL = YES;
				CLANG_ANALYZER_NUMBER_OBJECT_CONVERSION = YES_AGGRESSIVE;
				CLANG_CXX_LANGUAGE_STANDARD = "gnu++20";
				CLANG_ENABLE_MODULES = YES;
				CLANG_ENABLE_OBJC_ARC = YES;
				CLANG_ENABLE_OBJC_WEAK = YES;
				CLANG_WARN_BLOCK_CAPTURE_AUTORELEASING = YES;
				CLANG_WARN_BOOL_CONVERSION = YES;
				CLANG_WARN_COMMA = YES;
				CLANG_WARN_CONSTANT_CONVERSION = YES;
				CLANG_WARN_DEPRECATED_OBJC_IMPLEMENTATIONS = YES;
				CLANG_WARN_DIRECT_OBJC_ISA_USAGE = YES_ERROR;
				CLANG_WARN_DOCUMENTATION_COMMENTS = YES;
				CLANG_WARN_EMPTY_BODY = YES;
				CLANG_WARN_ENUM_CONVERSION = YES;
				CLANG_WARN_INFINITE_RECURSION = YES;
				CLANG_WARN_INT_CONVERSION = YES;
				CLANG_WARN_NON_LITERAL_NULL_CONVERSION = YES;
				CLANG_WARN_OBJC_IMPLICIT_RETAIN_SELF = YES;
				CLANG_WARN_OBJC_LITERAL_CONVERSION = YES;
				CLANG_WARN_OBJC_ROOT_CLASS = YES_ERROR;
				CLANG_WARN_QUOTED_INCLUDE_IN_FRAMEWORK_HEADER = YES;
				CLANG_WARN_RANGE_LOOP_ANALYSIS = YES;
				CLANG_WARN_STRICT_PROTOTYPES = YES;
				CLANG_WARN_SUSPICIOUS_MOVE = YES;
				CLANG_WARN_UNGUARDED_AVAILABILITY = YES_AGGRESSIVE;
				CLANG_WARN_UNREACHABLE_CODE = YES;
				CLANG_WARN__DUPLICATE_METHOD_MATCH = YES;
				COPY_PHASE_STRIP = NO;
				DEBUG_INFORMATION_FORMAT = dwarf;
				DEVELOPMENT_TEAM = FAFMYRZ723;
				ENABLE_STRICT_OBJC_MSGSEND = YES;
				ENABLE_TESTABILITY = YES;
				ENABLE_USER_SCRIPT_SANDBOXING = YES;
				GCC_C_LANGUAGE_STANDARD = gnu17;
				GCC_DYNAMIC_NO_PIC = NO;
				GCC_NO_COMMON_BLOCKS = YES;
				GCC_OPTIMIZATION_LEVEL = 0;
				GCC_PREPROCESSOR_DEFINITIONS = (
					"DEBUG=1",
					"$(inherited)",
				);
				GCC_WARN_64_TO_32_BIT_CONVERSION = YES;
				GCC_WARN_ABOUT_RETURN_TYPE = YES_ERROR;
				GCC_WARN_UNDECLARED_SELECTOR = YES;
				GCC_WARN_UNINITIALIZED_AUTOS = YES_AGGRESSIVE;
				GCC_WARN_UNUSED_FUNCTION = YES;
				GCC_WARN_UNUSED_VARIABLE = YES;
				LOCALIZATION_PREFERS_STRING_CATALOGS = YES;
				MACOSX_DEPLOYMENT_TARGET = 26.1;
				MTL_ENABLE_DEBUG_INFO = INCLUDE_SOURCE;
				MTL_FAST_MATH = YES;
				ONLY_ACTIVE_ARCH = YES;
				SDKROOT = macosx;
				SWIFT_ACTIVE_COMPILATION_CONDITIONS = "DEBUG $(inherited)";
				SWIFT_OPTIMIZATION_LEVEL = "-Onone";
			};
			name = Debug;
		};
		ADC669D32F1A71A1000C5D28 /* Release */ = {
			isa = XCBuildConfiguration;
			buildSettings = {
				ALWAYS_SEARCH_USER_PATHS = NO;
				ASSETCATALOG_COMPILER_GENERATE_SWIFT_ASSET_SYMBOL_EXTENSIONS = YES;
				CLANG_ANALYZER_NONNULL = YES;
				CLANG_ANALYZER_NUMBER_OBJECT_CONVERSION = YES_AGGRESSIVE;
				CLANG_CXX_LANGUAGE_STANDARD = "gnu++20";
				CLANG_ENABLE_MODULES = YES;
				CLANG_ENABLE_OBJC_ARC = YES;
				CLANG_ENABLE_OBJC_WEAK = YES;
				CLANG_WARN_BLOCK_CAPTURE_AUTORELEASING = YES;
				CLANG_WARN_BOOL_CONVERSION = YES;
				CLANG_WARN_COMMA = YES;
				CLANG_WARN_CONSTANT_CONVERSION = YES;
				CLANG_WARN_DEPRECATED_OBJC_IMPLEMENTATIONS = YES;
				CLANG_WARN_DIRECT_OBJC_ISA_USAGE = YES_ERROR;
				CLANG_WARN_DOCUMENTATION_COMMENTS = YES;
				CLANG_WARN_EMPTY_BODY = YES;
				CLANG_WARN_ENUM_CONVERSION = YES;
				CLANG_WARN_INFINITE_RECURSION = YES;
				CLANG_WARN_INT_CONVERSION = YES;
				CLANG_WARN_NON_LITERAL_NULL_CONVERSION = YES;
				CLANG_WARN_OBJC_IMPLICIT_RETAIN_SELF = YES;
				CLANG_WARN_OBJC_LITERAL_CONVERSION = YES;
				CLANG_WARN_OBJC_ROOT_CLASS = YES_ERROR;
				CLANG_WARN_QUOTED_INCLUDE_IN_FRAMEWORK_HEADER = YES;
				CLANG_WARN_RANGE_LOOP_ANALYSIS = YES;
				CLANG_WARN_STRICT_PROTOTYPES = YES;
				CLANG_WARN_SUSPICIOUS_MOVE = YES;
				CLANG_WARN_UNGUARDED_AVAILABILITY = YES_AGGRESSIVE;
				CLANG_WARN_UNREACHABLE_CODE = YES;
				CLANG_WARN__DUPLICATE_METHOD_MATCH = YES;
				COPY_PHASE_STRIP = NO;
				DEBUG_INFORMATION_FORMAT = "dwarf-with-dsym";
				DEVELOPMENT_TEAM = FAFMYRZ723;
				ENABLE_NS_ASSERTIONS = NO;
				ENABLE_STRICT_OBJC_MSGSEND = YES;
				ENABLE_USER_SCRIPT_SANDBOXING = YES;
				GCC_C_LANGUAGE_STANDARD = gnu17;
				GCC_NO_COMMON_BLOCKS = YES;
				GCC_WARN_64_TO_32_BIT_CONVERSION = YES;
				GCC_WARN_ABOUT_RETURN_TYPE = YES_ERROR;
				GCC_WARN_UNDECLARED_SELECTOR = YES;
				GCC_WARN_UNINITIALIZED_AUTOS = YES_AGGRESSIVE;
				GCC_WARN_UNUSED_FUNCTION = YES;
				GCC_WARN_UNUSED_VARIABLE = YES;
				LOCALIZATION_PREFERS_STRING_CATALOGS = YES;
				MACOSX_DEPLOYMENT_TARGET = 26.1;
				MTL_ENABLE_DEBUG_INFO = NO;
				MTL_FAST_MATH = YES;
				SDKROOT = macosx;
				SWIFT_COMPILATION_MODE = wholemodule;
			};
			name = Release;
		};
		ADC669D52F1A71A1000C5D28 /* Debug */ = {
			isa = XCBuildConfiguration;
			buildSettings = {
				ASSETCATALOG_COMPILER_APPICON_NAME = AppIcon;
				ASSETCATALOG_COMPILER_GLOBAL_ACCENT_COLOR_NAME = AccentColor;
				CODE_SIGN_STYLE = Automatic;
				COMBINE_HIDPI_IMAGES = YES;
				CURRENT_PROJECT_VERSION = 1;
				DEVELOPMENT_TEAM = FAFMYRZ723;
				ENABLE_APP_SANDBOX = YES;
				ENABLE_HARDENED_RUNTIME = YES;
				ENABLE_PREVIEWS = YES;
				ENABLE_USER_SELECTED_FILES = readonly;
				GENERATE_INFOPLIST_FILE = YES;
				INFOPLIST_KEY_NSHumanReadableCopyright = "";
				LD_RUNPATH_SEARCH_PATHS = (
					"$(inherited)",
					"@executable_path/../Frameworks",
				);
				MARKETING_VERSION = 1.0;
				PRODUCT_BUNDLE_IDENTIFIER = Miroc.SecondBrain;
				PRODUCT_NAME = "$(TARGET_NAME)";
				REGISTER_APP_GROUPS = YES;
				STRING_CATALOG_GENERATE_SYMBOLS = YES;
				SWIFT_APPROACHABLE_CONCURRENCY = YES;
				SWIFT_DEFAULT_ACTOR_ISOLATION = MainActor;
				SWIFT_EMIT_LOC_STRINGS = YES;
				SWIFT_UPCOMING_FEATURE_MEMBER_IMPORT_VISIBILITY = YES;
				SWIFT_VERSION = 5.0;
			};
			name = Debug;
		};
		ADC669D62F1A71A1000C5D28 /* Release */ = {
			isa = XCBuildConfiguration;
			buildSettings = {
				ASSETCATALOG_COMPILER_APPICON_NAME = AppIcon;
				ASSETCATALOG_COMPILER_GLOBAL_ACCENT_COLOR_NAME = AccentColor;
				CODE_SIGN_STYLE = Automatic;
				COMBINE_HIDPI_IMAGES = YES;
				CURRENT_PROJECT_VERSION = 1;
				DEVELOPMENT_TEAM = FAFMYRZ723;
				ENABLE_APP_SANDBOX = YES;
				ENABLE_HARDENED_RUNTIME = YES;
				ENABLE_PREVIEWS = YES;
				ENABLE_USER_SELECTED_FILES = readonly;
				GENERATE_INFOPLIST_FILE = YES;
				INFOPLIST_KEY_NSHumanReadableCopyright = "";
				LD_RUNPATH_SEARCH_PATHS = (
					"$(inherited)",
					"@executable_path/../Frameworks",
				);
				MARKETING_VERSION = 1.0;
				PRODUCT_BUNDLE_IDENTIFIER = Miroc.SecondBrain;
				PRODUCT_NAME = "$(TARGET_NAME)";
				REGISTER_APP_GROUPS = YES;
				STRING_CATALOG_GENERATE_SYMBOLS = YES;
				SWIFT_APPROACHABLE_CONCURRENCY = YES;
				SWIFT_DEFAULT_ACTOR_ISOLATION = MainActor;
				SWIFT_EMIT_LOC_STRINGS = YES;
				SWIFT_UPCOMING_FEATURE_MEMBER_IMPORT_VISIBILITY = YES;
				SWIFT_VERSION = 5.0;
			};
			name = Release;
		};
		ADC669D82F1A71A1000C5D28 /* Debug */ = {
			isa = XCBuildConfiguration;
			buildSettings = {
				BUNDLE_LOADER = "$(TEST_HOST)";
				CODE_SIGN_STYLE = Automatic;
				CURRENT_PROJECT_VERSION = 1;
				DEVELOPMENT_TEAM = FAFMYRZ723;
				GENERATE_INFOPLIST_FILE = YES;
				MACOSX_DEPLOYMENT_TARGET = 26.1;
				MARKETING_VERSION = 1.0;
				PRODUCT_BUNDLE_IDENTIFIER = Miroc.SecondBrainTests;
				PRODUCT_NAME = "$(TARGET_NAME)";
				STRING_CATALOG_GENERATE_SYMBOLS = NO;
				SWIFT_APPROACHABLE_CONCURRENCY = YES;
				SWIFT_EMIT_LOC_STRINGS = NO;
				SWIFT_UPCOMING_FEATURE_MEMBER_IMPORT_VISIBILITY = YES;
				SWIFT_VERSION = 5.0;
				TEST_HOST = "$(BUILT_PRODUCTS_DIR)/SecondBrain.app/$(BUNDLE_EXECUTABLE_FOLDER_PATH)/SecondBrain";
			};
			name = Debug;
		};
		ADC669D92F1A71A1000C5D28 /* Release */ = {
			isa = XCBuildConfiguration;
			buildSettings = {
				BUNDLE_LOADER = "$(TEST_HOST)";
				CODE_SIGN_STYLE = Automatic;
				CURRENT_PROJECT_VERSION = 1;
				DEVELOPMENT_TEAM = FAFMYRZ723;
				GENERATE_INFOPLIST_FILE = YES;
				MACOSX_DEPLOYMENT_TARGET = 26.1;
				MARKETING_VERSION = 1.0;
				PRODUCT_BUNDLE_IDENTIFIER = Miroc.SecondBrainTests;
				PRODUCT_NAME = "$(TARGET_NAME)";
				STRING_CATALOG_GENERATE_SYMBOLS = NO;
				SWIFT_APPROACHABLE_CONCURRENCY = YES;
				SWIFT_EMIT_LOC_STRINGS = NO;
				SWIFT_UPCOMING_FEATURE_MEMBER_IMPORT_VISIBILITY = YES;
				SWIFT_VERSION = 5.0;
				TEST_HOST = "$(BUILT_PRODUCTS_DIR)/SecondBrain.app/$(BUNDLE_EXECUTABLE_FOLDER_PATH)/SecondBrain";
			};
			name = Release;
		};
		ADC669DB2F1A71A1000C5D28 /* Debug */ = {
			isa = XCBuildConfiguration;
			buildSettings = {
				CODE_SIGN_STYLE = Automatic;
				CURRENT_PROJECT_VERSION = 1;
				DEVELOPMENT_TEAM = FAFMYRZ723;
				GENERATE_INFOPLIST_FILE = YES;
				MARKETING_VERSION = 1.0;
				PRODUCT_BUNDLE_IDENTIFIER = Miroc.SecondBrainUITests;
				PRODUCT_NAME = "$(TARGET_NAME)";
				STRING_CATALOG_GENERATE_SYMBOLS = NO;
				SWIFT_APPROACHABLE_CONCURRENCY = YES;
				SWIFT_EMIT_LOC_STRINGS = NO;
				SWIFT_UPCOMING_FEATURE_MEMBER_IMPORT_VISIBILITY = YES;
				SWIFT_VERSION = 5.0;
				TEST_TARGET_NAME = SecondBrain;
			};
			name = Debug;
		};
		ADC669DC2F1A71A1000C5D28 /* Release */ = {
			isa = XCBuildConfiguration;
			buildSettings = {
				CODE_SIGN_STYLE = Automatic;
				CURRENT_PROJECT_VERSION = 1;
				DEVELOPMENT_TEAM = FAFMYRZ723;
				GENERATE_INFOPLIST_FILE = YES;
				MARKETING_VERSION = 1.0;
				PRODUCT_BUNDLE_IDENTIFIER = Miroc.SecondBrainUITests;
				PRODUCT_NAME = "$(TARGET_NAME)";
				STRING_CATALOG_GENERATE_SYMBOLS = NO;
				SWIFT_APPROACHABLE_CONCURRENCY = YES;
				SWIFT_EMIT_LOC_STRINGS = NO;
				SWIFT_UPCOMING_FEATURE_MEMBER_IMPORT_VISIBILITY = YES;
				SWIFT_VERSION = 5.0;
				TEST_TARGET_NAME = SecondBrain;
			};
			name = Release;
		};
/* End XCBuildConfiguration section */

/* Begin XCConfigurationList section */
		ADC669AE2F1A71A0000C5D28 /* Build configuration list for PBXProject "SecondBrain" */ = {
			isa = XCConfigurationList;
			buildConfigurations = (
				ADC669D22F1A71A1000C5D28 /* Debug */,
				ADC669D32F1A71A1000C5D28 /* Release */,
			);
			defaultConfigurationIsVisible = 0;
			defaultConfigurationName = Release;
		};
		ADC669D42F1A71A1000C5D28 /* Build configuration list for PBXNativeTarget "SecondBrain" */ = {
			isa = XCConfigurationList;
			buildConfigurations = (
				ADC669D52F1A71A1000C5D28 /* Debug */,
				ADC669D62F1A71A1000C5D28 /* Release */,
			);
			defaultConfigurationIsVisible = 0;
			defaultConfigurationName = Release;
		};
		ADC669D72F1A71A1000C5D28 /* Build configuration list for PBXNativeTarget "SecondBrainTests" */ = {
			isa = XCConfigurationList;
			buildConfigurations = (
				ADC669D82F1A71A1000C5D28 /* Debug */,
				ADC669D92F1A71A1000C5D28 /* Release */,
			);
			defaultConfigurationIsVisible = 0;
			defaultConfigurationName = Release;
		};
		ADC669DA2F1A71A1000C5D28 /* Build configuration list for PBXNativeTarget "SecondBrainUITests" */ = {
			isa = XCConfigurationList;
			buildConfigurations = (
				ADC669DB2F1A71A1000C5D28 /* Debug */,
				ADC669DC2F1A71A1000C5D28 /* Release */,
			);
			defaultConfigurationIsVisible = 0;
			defaultConfigurationName = Release;
		};
/* End XCConfigurationList section */
	};
	rootObject = ADC669AB2F1A71A0000C5D28 /* Project object */;
}
